
Microsoft Visual Studio Solution File, Format Version 12.00
# Visual Studio Version 17
VisualStudioVersion = 17.3.32929.385
MinimumVisualStudioVersion = 10.0.40219.1
Project("{FAE04EC0-301F-11D3-BF4B-00C04F79EFBC}") = "helenProject", "helenProject\helenProject.csproj", "{5FC7B041-496E-434B-A0A5-A2087819F586}"
EndProject
Global
	GlobalSection(SolutionConfigurationPlatforms) = preSolution
		Debug|Any CPU = Debug|Any CPU
		Release|Any CPU = Release|Any CPU
	EndGlobalSection
	GlobalSection(ProjectConfigurationPlatforms) = postSolution
		{5FC7B041-496E-434B-A0A5-A2087819F586}.Debug|Any CPU.ActiveCfg = Debug|Any CPU
		{5FC7B041-496E-434B-A0A5-A2087819F586}.Debug|Any CPU.Build.0 = Debug|Any CPU
		{5FC7B041-496E-434B-A0A5-A2087819F586}.Release|Any CPU.ActiveCfg = Release|Any CPU
		{5FC7B041-496E-434B-A0A5-A2087819F586}.Release|Any CPU.Build.0 = Release|Any CPU
	EndGlobalSection
	GlobalSection(SolutionProperties) = preSolution
		HideSolutionNode = FALSE
	EndGlobalSection
	GlobalSection(ExtensibilityGlobals) = postSolution
		SolutionGuid = {CDC184FD-642A-41D3-BE39-15A8BFB4E39A}
	EndGlobalSection
EndGlobal
